
Microsoft Visual Studio Solution File, Format Version 12.00
# Visual Studio 15
VisualStudioVersion = 15.0.26403.3
MinimumVisualStudioVersion = 10.0.40219.1
Project("{FAE04EC0-301F-11D3-BF4B-00C04F79EFBC}") = "BACnetScanBIM", "BACnetScanBIM\BACnetScanBIM.csproj", "{E55A7A05-CC0E-4A60-B4D7-8B50C33B7289}"
EndProject
Project("{FAE04EC0-301F-11D3-BF4B-00C04F79EFBC}") = "BACnetTranslator", "BACnetTranslator\BACnetTranslator.csproj", "{9C523BEB-D717-48D2-99F3-A1F564415D8A}"
EndProject
Project("{FAE04EC0-301F-11D3-BF4B-00C04F79EFBC}") = "BACnetCommonLib", "BACnetCommonLib\BACnetCommonLib.csproj", "{4D15841B-439B-4426-BA2A-5A3A3CD7A677}"
EndProject
Project("{FAE04EC0-301F-11D3-BF4B-00C04F79EFBC}") = "UDPUtil", "UDPUtil\UDPUtil.csproj", "{A04BBB5C-D3A0-4A37-BC91-58A2B3347262}"
EndProject
Global
	GlobalSection(SolutionConfigurationPlatforms) = preSolution
		Debug|Any CPU = Debug|Any CPU
		Release|Any CPU = Release|Any CPU
	EndGlobalSection
	GlobalSection(ProjectConfigurationPlatforms) = postSolution
		{E55A7A05-CC0E-4A60-B4D7-8B50C33B7289}.Debug|Any CPU.ActiveCfg = Debug|Any CPU
		{E55A7A05-CC0E-4A60-B4D7-8B50C33B7289}.Debug|Any CPU.Build.0 = Debug|Any CPU
		{E55A7A05-CC0E-4A60-B4D7-8B50C33B7289}.Release|Any CPU.ActiveCfg = Release|Any CPU
		{E55A7A05-CC0E-4A60-B4D7-8B50C33B7289}.Release|Any CPU.Build.0 = Release|Any CPU
		{9C523BEB-D717-48D2-99F3-A1F564415D8A}.Debug|Any CPU.ActiveCfg = Debug|Any CPU
		{9C523BEB-D717-48D2-99F3-A1F564415D8A}.Debug|Any CPU.Build.0 = Debug|Any CPU
		{9C523BEB-D717-48D2-99F3-A1F564415D8A}.Release|Any CPU.ActiveCfg = Release|Any CPU
		{9C523BEB-D717-48D2-99F3-A1F564415D8A}.Release|Any CPU.Build.0 = Release|Any CPU
		{4D15841B-439B-4426-BA2A-5A3A3CD7A677}.Debug|Any CPU.ActiveCfg = Debug|Any CPU
		{4D15841B-439B-4426-BA2A-5A3A3CD7A677}.Debug|Any CPU.Build.0 = Debug|Any CPU
		{4D15841B-439B-4426-BA2A-5A3A3CD7A677}.Release|Any CPU.ActiveCfg = Release|Any CPU
		{4D15841B-439B-4426-BA2A-5A3A3CD7A677}.Release|Any CPU.Build.0 = Release|Any CPU
		{A04BBB5C-D3A0-4A37-BC91-58A2B3347262}.Debug|Any CPU.ActiveCfg = Debug|Any CPU
		{A04BBB5C-D3A0-4A37-BC91-58A2B3347262}.Debug|Any CPU.Build.0 = Debug|Any CPU
		{A04BBB5C-D3A0-4A37-BC91-58A2B3347262}.Release|Any CPU.ActiveCfg = Release|Any CPU
		{A04BBB5C-D3A0-4A37-BC91-58A2B3347262}.Release|Any CPU.Build.0 = Release|Any CPU
	EndGlobalSection
	GlobalSection(SolutionProperties) = preSolution
		HideSolutionNode = FALSE
	EndGlobalSection
EndGlobal
